
Microsoft Visual Studio Solution File, Format Version 12.00
# Visual Studio 15
VisualStudioVersion = 15.0.28010.2046
MinimumVisualStudioVersion = 10.0.40219.1
Project("{9A19103F-16F7-4668-BE54-9A1E7A4F7556}") = "DotNetCoreLambda", "DotNetCoreLambda\DotNetCoreLambda.csproj", "{F7FAE027-6423-4D77-8E31-6AAB171E18C1}"
EndProject
Project("{9A19103F-16F7-4668-BE54-9A1E7A4F7556}") = "DotNetCoreLambda.Tests", "DotNetCoreLambda.Tests\DotNetCoreLambda.Tests.csproj", "{3EBBE645-58EE-4F57-A977-F0E9A86D8A7C}"
EndProject
Global
	GlobalSection(SolutionConfigurationPlatforms) = preSolution
		Debug|Any CPU = Debug|Any CPU
		Release|Any CPU = Release|Any CPU
	EndGlobalSection
	GlobalSection(ProjectConfigurationPlatforms) = postSolution
		{F7FAE027-6423-4D77-8E31-6AAB171E18C1}.Debug|Any CPU.ActiveCfg = Debug|Any CPU
		{F7FAE027-6423-4D77-8E31-6AAB171E18C1}.Debug|Any CPU.Build.0 = Debug|Any CPU
		{F7FAE027-6423-4D77-8E31-6AAB171E18C1}.Release|Any CPU.ActiveCfg = Release|Any CPU
		{F7FAE027-6423-4D77-8E31-6AAB171E18C1}.Release|Any CPU.Build.0 = Release|Any CPU
		{3EBBE645-58EE-4F57-A977-F0E9A86D8A7C}.Debug|Any CPU.ActiveCfg = Debug|Any CPU
		{3EBBE645-58EE-4F57-A977-F0E9A86D8A7C}.Debug|Any CPU.Build.0 = Debug|Any CPU
		{3EBBE645-58EE-4F57-A977-F0E9A86D8A7C}.Release|Any CPU.ActiveCfg = Release|Any CPU
		{3EBBE645-58EE-4F57-A977-F0E9A86D8A7C}.Release|Any CPU.Build.0 = Release|Any CPU
	EndGlobalSection
	GlobalSection(SolutionProperties) = preSolution
		HideSolutionNode = FALSE
	EndGlobalSection
	GlobalSection(ExtensibilityGlobals) = postSolution
		SolutionGuid = {2C7D8630-CF33-4BA8-816A-B582F3E2824B}
	EndGlobalSection
EndGlobal
